{
  "name": "front",
  "version": "1.0.0",
  "lockfileVersion": 1,
  "requires": true,
  "dependencies": {
    "vuejs-paginate": {
      "version": "1.1.0",
      "resolved": "https://registry.npmjs.org/vuejs-paginate/-/vuejs-paginate-1.1.0.tgz",
      "integrity": "sha1-5nlcIUFgEM3kFv9VsEApToWYIAI="
    }
  }
}
